<Solution>
  <Folder Name="/benchmarks/">
    <Project Path="benchmarks/Rebus.InProcCors.Benchmarks/Rebus.InProcCors.Benchmarks.csproj" />
  </Folder>
  <Folder Name="/SoluionItems/">
    <File Path="Directory.Build.props" />
    <File Path="Directory.Packages.props" />
    <File Path="README.md" />
  </Folder>
  <Folder Name="/src/">
    <Project Path="src/Rebus.InProcCors.Verification/Rebus.InProcCors.Verification.csproj" />
    <Project Path="src/Rebus.InProcCors/Rebus.InProcCors.csproj" />
  </Folder>
  <Folder Name="/tests/">
    <Project Path="tests/Rebus.InProcCors.Sample/Rebus.InProcCors.Sample.csproj" />
    <Project Path="tests/Rebus.InProcCors.Tests/Rebus.InProcCors.Tests.csproj" />
    <Project Path="tests/Rebus.InProcCors.Verification.Tests/Rebus.InProcCors.Verification.Tests.csproj" />
  </Folder>
</Solution>
